// !$*UTF8*$!
{
	archiveVersion = 1;
	classes = {
	};
	objectVersion = 50;
	objects = {

/* Begin PBXBuildFile section */
		CDABC093255B2C8100B8C482 /* AppDelegate.swift in Sources */ = {isa = PBXBuildFile; fileRef = CDABC092255B2C8100B8C482 /* AppDelegate.swift */; };
		CDABC095255B2C8100B8C482 /* SceneDelegate.swift in Sources */ = {isa = PBXBuildFile; fileRef = CDABC094255B2C8100B8C482 /* SceneDelegate.swift */; };
		CDABC097255B2C8100B8C482 /* ViewController.swift in Sources */ = {isa = PBXBuildFile; fileRef = CDABC096255B2C8100B8C482 /* ViewController.swift */; };
		CDABC09A255B2C8100B8C482 /* Main.storyboard in Resources */ = {isa = PBXBuildFile; fileRef = CDABC098255B2C8100B8C482 /* Main.storyboard */; };
		CDABC09C255B2C8400B8C482 /* Assets.xcassets in Resources */ = {isa = PBXBuildFile; fileRef = CDABC09B255B2C8400B8C482 /* Assets.xcassets */; };
		CDABC09F255B2C8400B8C482 /* LaunchScreen.storyboard in Resources */ = {isa = PBXBuildFile; fileRef = CDABC09D255B2C8400B8C482 /* LaunchScreen.storyboard */; };
/* End PBXBuildFile section */

/* Begin PBXFileReference section */
		CDABC08F255B2C8100B8C482 /* multiplyFinalUnit.app */ = {isa = PBXFileReference; explicitFileType = wrapper.application; includeInIndex = 0; path = multiplyFinalUnit.app; sourceTree = BUILT_PRODUCTS_DIR; };
		CDABC092255B2C8100B8C482 /* AppDelegate.swift */ = {isa = PBXFileReference; lastKnownFileType = sourcecode.swift; path = AppDelegate.swift; sourceTree = "<group>"; };
		CDABC094255B2C8100B8C482 /* SceneDelegate.swift */ = {isa = PBXFileReference; lastKnownFileType = sourcecode.swift; path = SceneDelegate.swift; sourceTree = "<group>"; };
		CDABC096255B2C8100B8C482 /* ViewController.swift */ = {isa = PBXFileReference; lastKnownFileType = sourcecode.swift; path = ViewController.swift; sourceTree = "<group>"; };
		CDABC099255B2C8100B8C482 /* Base */ = {isa = PBXFileReference; lastKnownFileType = file.storyboard; name = Base; path = Base.lproj/Main.storyboard; sourceTree = "<group>"; };
		CDABC09B255B2C8400B8C482 /* Assets.xcassets */ = {isa = PBXFileReference; lastKnownFileType = folder.assetcatalog; path = Assets.xcassets; sourceTree = "<group>"; };
		CDABC09E255B2C8400B8C482 /* Base */ = {isa = PBXFileReference; lastKnownFileType = file.storyboard; name = Base; path = Base.lproj/LaunchScreen.storyboard; sourceTree = "<group>"; };
		CDABC0A0255B2C8400B8C482 /* Info.plist */ = {isa = PBXFileReference; lastKnownFileType = text.plist.xml; path = Info.plist; sourceTree = "<group>"; };
/* End PBXFileReference section */

/* Begin PBXFrameworksBuildPhase section */
		CDABC08C255B2C8100B8C482 /* Frameworks */ = {
			isa = PBXFrameworksBuildPhase;
			buildActionMask = 2147483647;
			files = (
			);
			runOnlyForDeploymentPostprocessing = 0;
		};
/* End PBXFrameworksBuildPhase section */

/* Begin PBXGroup section */
		CDABC086255B2C8100B8C482 = {
			isa = PBXGroup;
			children = (
				CDABC091255B2C8100B8C482 /* multiplyFinalUnit */,
				CDABC090255B2C8100B8C482 /* Products */,
			);
			sourceTree = "<group>";
		};
		CDABC090255B2C8100B8C482 /* Products */ = {
			isa = PBXGroup;
			children = (
				CDABC08F255B2C8100B8C482 /* multiplyFinalUnit.app */,
			);
			name = Products;
			sourceTree = "<group>";
		};
		CDABC091255B2C8100B8C482 /* multiplyFinalUnit */ = {
			isa = PBXGroup;
			children = (
				CDABC092255B2C8100B8C482 /* AppDelegate.swift */,
				CDABC094255B2C8100B8C482 /* SceneDelegate.swift */,
				CDABC096255B2C8100B8C482 /* ViewController.swift */,
				CDABC098255B2C8100B8C482 /* Main.storyboard */,
				CDABC09B255B2C8400B8C482 /* Assets.xcassets */,
				CDABC09D255B2C8400B8C482 /* LaunchScreen.storyboard */,
				CDABC0A0255B2C8400B8C482 /* Info.plist */,
			);
			path = multiplyFinalUnit;
			sourceTree = "<group>";
		};
/* End PBXGroup section */

/* Begin PBXNativeTarget section */
		CDABC08E255B2C8100B8C482 /* multiplyFinalUnit */ = {
			isa = PBXNativeTarget;
			buildConfigurationList = CDABC0A3255B2C8400B8C482 /* Build configuration list for PBXNativeTarget "multiplyFinalUnit" */;
			buildPhases = (
				CDABC08B255B2C8100B8C482 /* Sources */,
				CDABC08C255B2C8100B8C482 /* Frameworks */,
				CDABC08D255B2C8100B8C482 /* Resources */,
			);
			buildRules = (
			);
			dependencies = (
			);
			name = multiplyFinalUnit;
			productName = multiplyFinalUnit;
			productReference = CDABC08F255B2C8100B8C482 /* multiplyFinalUnit.app */;
			productType = "com.apple.product-type.application";
		};
/* End PBXNativeTarget section */

/* Begin PBXProject section */
		CDABC087255B2C8100B8C482 /* Project object */ = {
			isa = PBXProject;
			attributes = {
				LastSwiftUpdateCheck = 1130;
				LastUpgradeCheck = 1130;
				ORGANIZATIONNAME = user182426;
				TargetAttributes = {
					CDABC08E255B2C8100B8C482 = {
						CreatedOnToolsVersion = 11.3.1;
					};
				};
			};
			buildConfigurationList = CDABC08A255B2C8100B8C482 /* Build configuration list for PBXProject "multiplyFinalUnit" */;
			compatibilityVersion = "Xcode 9.3";
			developmentRegion = en;
			hasScannedForEncodings = 0;
			knownRegions = (
				en,
				Base,
			);
			mainGroup = CDABC086255B2C8100B8C482;
			productRefGroup = CDABC090255B2C8100B8C482 /* Products */;
			projectDirPath = "";
			projectRoot = "";
			targets = (
				CDABC08E255B2C8100B8C482 /* multiplyFinalUnit */,
			);
		};
/* End PBXProject section */

/* Begin PBXResourcesBuildPhase section */
		CDABC08D255B2C8100B8C482 /* Resources */ = {
			isa = PBXResourcesBuildPhase;
			buildActionMask = 2147483647;
			files = (
				CDABC09F255B2C8400B8C482 /* LaunchScreen.storyboard in Resources */,
				CDABC09C255B2C8400B8C482 /* Assets.xcassets in Resources */,
				CDABC09A255B2C8100B8C482 /* Main.storyboard in Resources */,
			);
			runOnlyForDeploymentPostprocessing = 0;
		};
/* End PBXResourcesBuildPhase section */

/* Begin PBXSourcesBuildPhase section */
		CDABC08B255B2C8100B8C482 /* Sources */ = {
			isa = PBXSourcesBuildPhase;
			buildActionMask = 2147483647;
			files = (
				CDABC097255B2C8100B8C482 /* ViewController.swift in Sources */,
				CDABC093255B2C8100B8C482 /* AppDelegate.swift in Sources */,
				CDABC095255B2C8100B8C482 /* SceneDelegate.swift in Sources */,
			);
			runOnlyForDeploymentPostprocessing = 0;
		};
/* End PBXSourcesBuildPhase section */

/* Begin PBXVariantGroup section */
		CDABC098255B2C8100B8C482 /* Main.storyboard */ = {
			isa = PBXVariantGroup;
			children = (
				CDABC099255B2C8100B8C482 /* Base */,
			);
			name = Main.storyboard;
			sourceTree = "<group>";
		};
		CDABC09D255B2C8400B8C482 /* LaunchScreen.storyboard */ = {
			isa = PBXVariantGroup;
			children = (
				CDABC09E255B2C8400B8C482 /* Base */,
			);
			name = LaunchScreen.storyboard;
			sourceTree = "<group>";
		};
/* End PBXVariantGroup section */

/* Begin XCBuildConfiguration section */
		CDABC0A1255B2C8400B8C482 /* Debug */ = {
			isa = XCBuildConfiguration;
			buildSettings = {
				ALWAYS_SEARCH_USER_PATHS = NO;
				CLANG_ANALYZER_NONNULL = YES;
				CLANG_ANALYZER_NUMBER_OBJECT_CONVERSION = YES_AGGRESSIVE;
				CLANG_CXX_LANGUAGE_STANDARD = "gnu++14";
				CLANG_CXX_LIBRARY = "libc++";
				CLANG_ENABLE_MODULES = YES;
				CLANG_ENABLE_OBJC_ARC = YES;
				CLANG_ENABLE_OBJC_WEAK = YES;
				CLANG_WARN_BLOCK_CAPTURE_AUTORELEASING = YES;
				CLANG_WARN_BOOL_CONVERSION = YES;
				CLANG_WARN_COMMA = YES;
				CLANG_WARN_CONSTANT_CONVERSION = YES;
				CLANG_WARN_DEPRECATED_OBJC_IMPLEMENTATIONS = YES;
				CLANG_WARN_DIRECT_OBJC_ISA_USAGE = YES_ERROR;
				CLANG_WARN_DOCUMENTATION_COMMENTS = YES;
				CLANG_WARN_EMPTY_BODY = YES;
				CLANG_WARN_ENUM_CONVERSION = YES;
				CLANG_WARN_INFINITE_RECURSION = YES;
				CLANG_WARN_INT_CONVERSION = YES;
				CLANG_WARN_NON_LITERAL_NULL_CONVERSION = YES;
				CLANG_WARN_OBJC_IMPLICIT_RETAIN_SELF = YES;
				CLANG_WARN_OBJC_LITERAL_CONVERSION = YES;
				CLANG_WARN_OBJC_ROOT_CLASS = YES_ERROR;
				CLANG_WARN_RANGE_LOOP_ANALYSIS = YES;
				CLANG_WARN_STRICT_PROTOTYPES = YES;
				CLANG_WARN_SUSPICIOUS_MOVE = YES;
				CLANG_WARN_UNGUARDED_AVAILABILITY = YES_AGGRESSIVE;
				CLANG_WARN_UNREACHABLE_CODE = YES;
				CLANG_WARN__DUPLICATE_METHOD_MATCH = YES;
				COPY_PHASE_STRIP = NO;
				DEBUG_INFORMATION_FORMAT = dwarf;
				ENABLE_STRICT_OBJC_MSGSEND = YES;
				ENABLE_TESTABILITY = YES;
				GCC_C_LANGUAGE_STANDARD = gnu11;
				GCC_DYNAMIC_NO_PIC = NO;
				GCC_NO_COMMON_BLOCKS = YES;
				GCC_OPTIMIZATION_LEVEL = 0;
				GCC_PREPROCESSOR_DEFINITIONS = (
					"DEBUG=1",
					"$(inherited)",
				);
				GCC_WARN_64_TO_32_BIT_CONVERSION = YES;
				GCC_WARN_ABOUT_RETURN_TYPE = YES_ERROR;
				GCC_WARN_UNDECLARED_SELECTOR = YES;
				GCC_WARN_UNINITIALIZED_AUTOS = YES_AGGRESSIVE;
				GCC_WARN_UNUSED_FUNCTION = YES;
				GCC_WARN_UNUSED_VARIABLE = YES;
				IPHONEOS_DEPLOYMENT_TARGET = 13.2;
				MTL_ENABLE_DEBUG_INFO = INCLUDE_SOURCE;
				MTL_FAST_MATH = YES;
				ONLY_ACTIVE_ARCH = YES;
				SDKROOT = iphoneos;
				SWIFT_ACTIVE_COMPILATION_CONDITIONS = DEBUG;
				SWIFT_OPTIMIZATION_LEVEL = "-Onone";
			};
			name = Debug;
		};
		CDABC0A2255B2C8400B8C482 /* Release */ = {
			isa = XCBuildConfiguration;
			buildSettings = {
				ALWAYS_SEARCH_USER_PATHS = NO;
				CLANG_ANALYZER_NONNULL = YES;
				CLANG_ANALYZER_NUMBER_OBJECT_CONVERSION = YES_AGGRESSIVE;
				CLANG_CXX_LANGUAGE_STANDARD = "gnu++14";
				CLANG_CXX_LIBRARY = "libc++";
				CLANG_ENABLE_MODULES = YES;
				CLANG_ENABLE_OBJC_ARC = YES;
				CLANG_ENABLE_OBJC_WEAK = YES;
				CLANG_WARN_BLOCK_CAPTURE_AUTORELEASING = YES;
				CLANG_WARN_BOOL_CONVERSION = YES;
				CLANG_WARN_COMMA = YES;
				CLANG_WARN_CONSTANT_CONVERSION = YES;
				CLANG_WARN_DEPRECATED_OBJC_IMPLEMENTATIONS = YES;
				CLANG_WARN_DIRECT_OBJC_ISA_USAGE = YES_ERROR;
				CLANG_WARN_DOCUMENTATION_COMMENTS = YES;
				CLANG_WARN_EMPTY_BODY = YES;
				CLANG_WARN_ENUM_CONVERSION = YES;
				CLANG_WARN_INFINITE_RECURSION = YES;
				CLANG_WARN_INT_CONVERSION = YES;
				CLANG_WARN_NON_LITERAL_NULL_CONVERSION = YES;
				CLANG_WARN_OBJC_IMPLICIT_RETAIN_SELF = YES;
				CLANG_WARN_OBJC_LITERAL_CONVERSION = YES;
				CLANG_WARN_OBJC_ROOT_CLASS = YES_ERROR;
				CLANG_WARN_RANGE_LOOP_ANALYSIS = YES;
				CLANG_WARN_STRICT_PROTOTYPES = YES;
				CLANG_WARN_SUSPICIOUS_MOVE = YES;
				CLANG_WARN_UNGUARDED_AVAILABILITY = YES_AGGRESSIVE;
				CLANG_WARN_UNREACHABLE_CODE = YES;
				CLANG_WARN__DUPLICATE_METHOD_MATCH = YES;
				COPY_PHASE_STRIP = NO;
				DEBUG_INFORMATION_FORMAT = "dwarf-with-dsym";
				ENABLE_NS_ASSERTIONS = NO;
				ENABLE_STRICT_OBJC_MSGSEND = YES;
				GCC_C_LANGUAGE_STANDARD = gnu11;
				GCC_NO_COMMON_BLOCKS = YES;
				GCC_WARN_64_TO_32_BIT_CONVERSION = YES;
				GCC_WARN_ABOUT_RETURN_TYPE = YES_ERROR;
				GCC_WARN_UNDECLARED_SELECTOR = YES;
				GCC_WARN_UNINITIALIZED_AUTOS = YES_AGGRESSIVE;
				GCC_WARN_UNUSED_FUNCTION = YES;
				GCC_WARN_UNUSED_VARIABLE = YES;
				IPHONEOS_DEPLOYMENT_TARGET = 13.2;
				MTL_ENABLE_DEBUG_INFO = NO;
				MTL_FAST_MATH = YES;
				SDKROOT = iphoneos;
				SWIFT_COMPILATION_MODE = wholemodule;
				SWIFT_OPTIMIZATION_LEVEL = "-O";
				VALIDATE_PRODUCT = YES;
			};
			name = Release;
		};
		CDABC0A4255B2C8400B8C482 /* Debug */ = {
			isa = XCBuildConfiguration;
			buildSettings = {
				ASSETCATALOG_COMPILER_APPICON_NAME = AppIcon;
				CODE_SIGN_STYLE = Automatic;
				INFOPLIST_FILE = multiplyFinalUnit/Info.plist;
				LD_RUNPATH_SEARCH_PATHS = (
					"$(inherited)",
					"@executable_path/Frameworks",
				);
				PRODUCT_BUNDLE_IDENTIFIER = org.d214.jhhs.multiplyFinalUnit;
				PRODUCT_NAME = "$(TARGET_NAME)";
				SWIFT_VERSION = 5.0;
				TARGETED_DEVICE_FAMILY = "1,2";
			};
			name = Debug;
		};
		CDABC0A5255B2C8400B8C482 /* Release */ = {
			isa = XCBuildConfiguration;
			buildSettings = {
				ASSETCATALOG_COMPILER_APPICON_NAME = AppIcon;
				CODE_SIGN_STYLE = Automatic;
				INFOPLIST_FILE = multiplyFinalUnit/Info.plist;
				LD_RUNPATH_SEARCH_PATHS = (
					"$(inherited)",
					"@executable_path/Frameworks",
				);
				PRODUCT_BUNDLE_IDENTIFIER = org.d214.jhhs.multiplyFinalUnit;
				PRODUCT_NAME = "$(TARGET_NAME)";
				SWIFT_VERSION = 5.0;
				TARGETED_DEVICE_FAMILY = "1,2";
			};
			name = Release;
		};
/* End XCBuildConfiguration section */

/* Begin XCConfigurationList section */
		CDABC08A255B2C8100B8C482 /* Build configuration list for PBXProject "multiplyFinalUnit" */ = {
			isa = XCConfigurationList;
			buildConfigurations = (
				CDABC0A1255B2C8400B8C482 /* Debug */,
				CDABC0A2255B2C8400B8C482 /* Release */,
			);
			defaultConfigurationIsVisible = 0;
			defaultConfigurationName = Release;
		};
		CDABC0A3255B2C8400B8C482 /* Build configuration list for PBXNativeTarget "multiplyFinalUnit" */ = {
			isa = XCConfigurationList;
			buildConfigurations = (
				CDABC0A4255B2C8400B8C482 /* Debug */,
				CDABC0A5255B2C8400B8C482 /* Release */,
			);
			defaultConfigurationIsVisible = 0;
			defaultConfigurationName = Release;
		};
/* End XCConfigurationList section */
	};
	rootObject = CDABC087255B2C8100B8C482 /* Project object */;
}
